
Microsoft Visual Studio Solution File, Format Version 12.00
# Visual Studio 2012
Project("{FAE04EC0-301F-11D3-BF4B-00C04F79EFBC}") = "Cake.SemVer.FromAssembly", "Cake.SemVer.FromAssembly\Cake.SemVer.FromAssembly.csproj", "{30A715EC-CE9E-41A6-9329-251547895980}"
EndProject
Project("{FAE04EC0-301F-11D3-BF4B-00C04F79EFBC}") = "Cake.SemVer.FromAssembly.Tests", "Cake.SemVer.FromAssembly.Tests\Cake.SemVer.FromAssembly.Tests.csproj", "{3836F842-FD49-4A50-9748-B8A8BE48CCD2}"
EndProject
Project("{2150E333-8FDC-42A3-9474-1A3956D46DE8}") = ".nuget", ".nuget", "{6470AD29-5C0B-4EC5-BF19-3C9B5E132CD2}"
	ProjectSection(SolutionItems) = preProject
		.nuget\packages.config = .nuget\packages.config
	EndProjectSection
EndProject
Global
	GlobalSection(SolutionConfigurationPlatforms) = preSolution
		Debug|Any CPU = Debug|Any CPU
		Release|Any CPU = Release|Any CPU
	EndGlobalSection
	GlobalSection(ProjectConfigurationPlatforms) = postSolution
		{30A715EC-CE9E-41A6-9329-251547895980}.Debug|Any CPU.ActiveCfg = Debug|Any CPU
		{30A715EC-CE9E-41A6-9329-251547895980}.Debug|Any CPU.Build.0 = Debug|Any CPU
		{30A715EC-CE9E-41A6-9329-251547895980}.Release|Any CPU.ActiveCfg = Release|Any CPU
		{30A715EC-CE9E-41A6-9329-251547895980}.Release|Any CPU.Build.0 = Release|Any CPU
		{3836F842-FD49-4A50-9748-B8A8BE48CCD2}.Debug|Any CPU.ActiveCfg = Debug|Any CPU
		{3836F842-FD49-4A50-9748-B8A8BE48CCD2}.Debug|Any CPU.Build.0 = Debug|Any CPU
		{3836F842-FD49-4A50-9748-B8A8BE48CCD2}.Release|Any CPU.ActiveCfg = Release|Any CPU
		{3836F842-FD49-4A50-9748-B8A8BE48CCD2}.Release|Any CPU.Build.0 = Release|Any CPU
	EndGlobalSection
EndGlobal
